PODS:
  - DRYUtilities (1.1.0)
  - OCHamcrest (4.1.1)
  - OCMockito (1.4.0):
    - OCHamcrest (~> 4.0)

DEPENDENCIES:
  - DRYUtilities (from `../`)
  - OCHamcrest
  - OCMockito

EXTERNAL SOURCES:
  DRYUtilities:
    :path: "../"

SPEC CHECKSUMS:
  DRYUtilities: 812b71bebc8784ff349329508d3960e8889021fe
  OCHamcrest: 6f03ffa81d12feab872638490a44ab0a6d3aca10
  OCMockito: 4981140c9a9ec06c31af40f636e3c0f25f27e6b2

COCOAPODS: 0.37.2
