// !$*UTF8*$!
{
	archiveVersion = 1;
	classes = {
	};
	objects = {

/* Begin PBXBuildFile section */
		15A3459867BB6DAE4C32480B /* libPods-DRYUtilities.a in Frameworks */ = {isa = PBXBuildFile; fileRef = FA13A83D0CA0B6AA5464FC3E /* libPods-DRYUtilities.a */; };
		275003151B39645800CFAF6A /* NSString+DRYHexTest.m in Sources */ = {isa = PBXBuildFile; fileRef = 275003141B39645800CFAF6A /* NSString+DRYHexTest.m */; };
		275003271B39814400CFAF6A /* DRYSecurityStoreWrapperTest.m in Sources */ = {isa = PBXBuildFile; fileRef = 275003261B39814400CFAF6A /* DRYSecurityStoreWrapperTest.m */; };
		27F242871A8A4C0B0079F8EC /* DRYBaseDynamicPropertyProviderTest.m in Sources */ = {isa = PBXBuildFile; fileRef = 27F242861A8A4C0B0079F8EC /* DRYBaseDynamicPropertyProviderTest.m */; };
		27F2428C1A8A51F70079F8EC /* DRYPlistResourceReaderTest.m in Sources */ = {isa = PBXBuildFile; fileRef = 27F2428B1A8A51F70079F8EC /* DRYPlistResourceReaderTest.m */; };
		27F2429D1A8A5B030079F8EC /* TestResource.plist in Resources */ = {isa = PBXBuildFile; fileRef = 27F2429C1A8A5B030079F8EC /* TestResource.plist */; };
		27F2429F1A8A5B350079F8EC /* FallbackTestResource.plist in Resources */ = {isa = PBXBuildFile; fileRef = 27F2429E1A8A5B350079F8EC /* FallbackTestResource.plist */; };
		27F242A71A8B51E90079F8EC /* SimpleView.xib in Resources */ = {isa = PBXBuildFile; fileRef = 27F242A61A8B51E90079F8EC /* SimpleView.xib */; };
		27F242A91A8B5F110079F8EC /* SimpleViewWithOwner.xib in Resources */ = {isa = PBXBuildFile; fileRef = 27F242A81A8B5F110079F8EC /* SimpleViewWithOwner.xib */; };
		27FBF5111ACA8ED500CACF79 /* NSNull+DRYNSNullSupportTest.m in Sources */ = {isa = PBXBuildFile; fileRef = 27FBF5101ACA8ED500CACF79 /* NSNull+DRYNSNullSupportTest.m */; };
		3323FA8487593501D5A68573 /* NSString+DRYTemplateReplacementTest.m in Sources */ = {isa = PBXBuildFile; fileRef = 3323F45878C77633CDF1A87B /* NSString+DRYTemplateReplacementTest.m */; };
		3323FFA067BA3617BD7122AD /* NSObject+DRYNSNullSupportTest.m in Sources */ = {isa = PBXBuildFile; fileRef = 3323F004CE5F1FD711453EE1 /* NSObject+DRYNSNullSupportTest.m */; };
		6003F58E195388D20070C39A /* Foundation.framework in Frameworks */ = {isa = PBXBuildFile; fileRef = 6003F58D195388D20070C39A /* Foundation.framework */; };
		6003F590195388D20070C39A /* CoreGraphics.framework in Frameworks */ = {isa = PBXBuildFile; fileRef = 6003F58F195388D20070C39A /* CoreGraphics.framework */; };
		6003F592195388D20070C39A /* UIKit.framework in Frameworks */ = {isa = PBXBuildFile; fileRef = 6003F591195388D20070C39A /* UIKit.framework */; };
		6003F598195388D20070C39A /* InfoPlist.strings in Resources */ = {isa = PBXBuildFile; fileRef = 6003F596195388D20070C39A /* InfoPlist.strings */; };
		6003F59A195388D20070C39A /* main.m in Sources */ = {isa = PBXBuildFile; fileRef = 6003F599195388D20070C39A /* main.m */; };
		6003F59E195388D20070C39A /* DRYAppDelegate.m in Sources */ = {isa = PBXBuildFile; fileRef = 6003F59D195388D20070C39A /* DRYAppDelegate.m */; };
		6003F5A1195388D20070C39A /* Main.storyboard in Resources */ = {isa = PBXBuildFile; fileRef = 6003F59F195388D20070C39A /* Main.storyboard */; };
		6003F5A7195388D20070C39A /* DRYViewController.m in Sources */ = {isa = PBXBuildFile; fileRef = 6003F5A6195388D20070C39A /* DRYViewController.m */; };
		6003F5A9195388D20070C39A /* Images.xcassets in Resources */ = {isa = PBXBuildFile; fileRef = 6003F5A8195388D20070C39A /* Images.xcassets */; };
		6003F5B0195388D20070C39A /* XCTest.framework in Frameworks */ = {isa = PBXBuildFile; fileRef = 6003F5AF195388D20070C39A /* XCTest.framework */; };
		6003F5B1195388D20070C39A /* Foundation.framework in Frameworks */ = {isa = PBXBuildFile; fileRef = 6003F58D195388D20070C39A /* Foundation.framework */; };
		6003F5B2195388D20070C39A /* UIKit.framework in Frameworks */ = {isa = PBXBuildFile; fileRef = 6003F591195388D20070C39A /* UIKit.framework */; };
		6003F5BA195388D20070C39A /* InfoPlist.strings in Resources */ = {isa = PBXBuildFile; fileRef = 6003F5B8195388D20070C39A /* InfoPlist.strings */; };
		734394968D041F17C4ABAFB3 /* libPods-Tests.a in Frameworks */ = {isa = PBXBuildFile; fileRef = 4658F80F41F57A5BA5CABF62 /* libPods-Tests.a */; };
		AE03D157CCD1E8A0733EA34F /* ExampleDynamicPropertyProvider.m in Sources */ = {isa = PBXBuildFile; fileRef = AE03D78BA75FC8DD9BE004BE /* ExampleDynamicPropertyProvider.m */; };
		AE03D16E8FB0ADDEE230F4A5 /* ExampleConfigurationViewController.m in Sources */ = {isa = PBXBuildFile; fileRef = AE03D52CB4BB13E09EC2832B /* ExampleConfigurationViewController.m */; };
		AE03D7903CDAF32AA5F83B07 /* Configuration.plist in Resources */ = {isa = PBXBuildFile; fileRef = AE03D1A7383263FE15E428AD /* Configuration.plist */; };
		AE03DD18A50D2F4BD623631A /* DefaultConfiguration.plist in Resources */ = {isa = PBXBuildFile; fileRef = AE03DC53530E181FD71CEE93 /* DefaultConfiguration.plist */; };
		E56459F61B454B6B004DCF97 /* NSString+DRYUtilTest.m in Sources */ = {isa = PBXBuildFile; fileRef = E56459F51B454B6B004DCF97 /* NSString+DRYUtilTest.m */; };
		EBD027CA1C046F91005E46D5 /* ExampleTableViewController.m in Sources */ = {isa = PBXBuildFile; fileRef = EBD027C91C046F91005E46D5 /* ExampleTableViewController.m */; };
		EBD027D51C05C74B005E46D5 /* ExampleDRYNSStringTemplateReplacementViewController.m in Sources */ = {isa = PBXBuildFile; fileRef = EBD027D41C05C74B005E46D5 /* ExampleDRYNSStringTemplateReplacementViewController.m */; };
		EBD027DA1C060192005E46D5 /* LaunchScreen.xib in Resources */ = {isa = PBXBuildFile; fileRef = EBD027D91C060192005E46D5 /* LaunchScreen.xib */; };
/* End PBXBuildFile section */

/* Begin PBXContainerItemProxy section */
		6003F5B3195388D20070C39A /* PBXContainerItemProxy */ = {
			isa = PBXContainerItemProxy;
			containerPortal = 6003F582195388D10070C39A /* Project object */;
			proxyType = 1;
			remoteGlobalIDString = 6003F589195388D20070C39A;
			remoteInfo = DRYUtilities;
		};
/* End PBXContainerItemProxy section */

/* Begin PBXFileReference section */
		275003141B39645800CFAF6A /* NSString+DRYHexTest.m */ = {isa = PBXFileReference; fileEncoding = 4; lastKnownFileType = sourcecode.c.objc; path = "NSString+DRYHexTest.m"; sourceTree = "<group>"; };
		275003261B39814400CFAF6A /* DRYSecurityStoreWrapperTest.m */ = {isa = PBXFileReference; fileEncoding = 4; lastKnownFileType = sourcecode.c.objc; path = DRYSecurityStoreWrapperTest.m; sourceTree = "<group>"; };
		27F242861A8A4C0B0079F8EC /* DRYBaseDynamicPropertyProviderTest.m */ = {isa = PBXFileReference; fileEncoding = 4; lastKnownFileType = sourcecode.c.objc; path = DRYBaseDynamicPropertyProviderTest.m; sourceTree = "<group>"; };
		27F2428B1A8A51F70079F8EC /* DRYPlistResourceReaderTest.m */ = {isa = PBXFileReference; fileEncoding = 4; lastKnownFileType = sourcecode.c.objc; path = DRYPlistResourceReaderTest.m; sourceTree = "<group>"; };
		27F2428D1A8A52290079F8EC /* DRYUtilitiesTests.h */ = {isa = PBXFileReference; lastKnownFileType = sourcecode.c.h; path = DRYUtilitiesTests.h; sourceTree = "<group>"; };
		27F2429C1A8A5B030079F8EC /* TestResource.plist */ = {isa = PBXFileReference; fileEncoding = 4; lastKnownFileType = text.plist.xml; path = TestResource.plist; sourceTree = "<group>"; };
		27F2429E1A8A5B350079F8EC /* FallbackTestResource.plist */ = {isa = PBXFileReference; fileEncoding = 4; lastKnownFileType = text.plist.xml; path = FallbackTestResource.plist; sourceTree = "<group>"; };
		27F242A61A8B51E90079F8EC /* SimpleView.xib */ = {isa = PBXFileReference; fileEncoding = 4; lastKnownFileType = file.xib; path = SimpleView.xib; sourceTree = "<group>"; };
		27F242A81A8B5F110079F8EC /* SimpleViewWithOwner.xib */ = {isa = PBXFileReference; fileEncoding = 4; lastKnownFileType = file.xib; path = SimpleViewWithOwner.xib; sourceTree = "<group>"; };
		27FBF5101ACA8ED500CACF79 /* NSNull+DRYNSNullSupportTest.m */ = {isa = PBXFileReference; fileEncoding = 4; lastKnownFileType = sourcecode.c.objc; path = "NSNull+DRYNSNullSupportTest.m"; sourceTree = "<group>"; };
		3323F004CE5F1FD711453EE1 /* NSObject+DRYNSNullSupportTest.m */ = {isa = PBXFileReference; fileEncoding = 4; lastKnownFileType = sourcecode.c.objc; path = "NSObject+DRYNSNullSupportTest.m"; sourceTree = "<group>"; };
		3323F45878C77633CDF1A87B /* NSString+DRYTemplateReplacementTest.m */ = {isa = PBXFileReference; fileEncoding = 4; lastKnownFileType = sourcecode.c.objc; path = "NSString+DRYTemplateReplacementTest.m"; sourceTree = "<group>"; };
		3F969BD88210D15A86B4647A /* Pods-DRYUtilities.debug.xcconfig */ = {isa = PBXFileReference; includeInIndex = 1; lastKnownFileType = text.xcconfig; name = "Pods-DRYUtilities.debug.xcconfig"; path = "Pods/Target Support Files/Pods-DRYUtilities/Pods-DRYUtilities.debug.xcconfig"; sourceTree = "<group>"; };
		4658F80F41F57A5BA5CABF62 /* libPods-Tests.a */ = {isa = PBXFileReference; explicitFileType = archive.ar; includeInIndex = 0; path = "libPods-Tests.a"; sourceTree = BUILT_PRODUCTS_DIR; };
		51D8EC1C7AFFDC44AAAE68FC /* Pods-Tests.release.xcconfig */ = {isa = PBXFileReference; includeInIndex = 1; lastKnownFileType = text.xcconfig; name = "Pods-Tests.release.xcconfig"; path = "Pods/Target Support Files/Pods-Tests/Pods-Tests.release.xcconfig"; sourceTree = "<group>"; };
		6003F58A195388D20070C39A /* DRYUtilities.app */ = {isa = PBXFileReference; explicitFileType = wrapper.application; includeInIndex = 0; path = DRYUtilities.app; sourceTree = BUILT_PRODUCTS_DIR; };
		6003F58D195388D20070C39A /* Foundation.framework */ = {isa = PBXFileReference; lastKnownFileType = wrapper.framework; name = Foundation.framework; path = System/Library/Frameworks/Foundation.framework; sourceTree = SDKROOT; };
		6003F58F195388D20070C39A /* CoreGraphics.framework */ = {isa = PBXFileReference; lastKnownFileType = wrapper.framework; name = CoreGraphics.framework; path = System/Library/Frameworks/CoreGraphics.framework; sourceTree = SDKROOT; };
		6003F591195388D20070C39A /* UIKit.framework */ = {isa = PBXFileReference; lastKnownFileType = wrapper.framework; name = UIKit.framework; path = System/Library/Frameworks/UIKit.framework; sourceTree = SDKROOT; };
		6003F595195388D20070C39A /* DRYUtilities-Info.plist */ = {isa = PBXFileReference; lastKnownFileType = text.plist.xml; path = "DRYUtilities-Info.plist"; sourceTree = "<group>"; };
		6003F597195388D20070C39A /* en */ = {isa = PBXFileReference; lastKnownFileType = text.plist.strings; name = en; path = en.lproj/InfoPlist.strings; sourceTree = "<group>"; };
		6003F599195388D20070C39A /* main.m */ = {isa = PBXFileReference; lastKnownFileType = sourcecode.c.objc; path = main.m; sourceTree = "<group>"; };
		6003F59B195388D20070C39A /* DRYUtilities-Prefix.pch */ = {isa = PBXFileReference; lastKnownFileType = sourcecode.c.h; path = "DRYUtilities-Prefix.pch"; sourceTree = "<group>"; };
		6003F59C195388D20070C39A /* DRYAppDelegate.h */ = {isa = PBXFileReference; lastKnownFileType = sourcecode.c.h; path = DRYAppDelegate.h; sourceTree = "<group>"; };
		6003F59D195388D20070C39A /* DRYAppDelegate.m */ = {isa = PBXFileReference; lastKnownFileType = sourcecode.c.objc; path = DRYAppDelegate.m; sourceTree = "<group>"; };
		6003F5A0195388D20070C39A /* Base */ = {isa = PBXFileReference; lastKnownFileType = file.storyboard; name = Base; path = Base.lproj/Main.storyboard; sourceTree = "<group>"; };
		6003F5A5195388D20070C39A /* DRYViewController.h */ = {isa = PBXFileReference; lastKnownFileType = sourcecode.c.h; path = DRYViewController.h; sourceTree = "<group>"; };
		6003F5A6195388D20070C39A /* DRYViewController.m */ = {isa = PBXFileReference; lastKnownFileType = sourcecode.c.objc; path = DRYViewController.m; sourceTree = "<group>"; };
		6003F5A8195388D20070C39A /* Images.xcassets */ = {isa = PBXFileReference; lastKnownFileType = folder.assetcatalog; path = Images.xcassets; sourceTree = "<group>"; };
		6003F5AE195388D20070C39A /* Tests.xctest */ = {isa = PBXFileReference; explicitFileType = wrapper.cfbundle; includeInIndex = 0; path = Tests.xctest; sourceTree = BUILT_PRODUCTS_DIR; };
		6003F5AF195388D20070C39A /* XCTest.framework */ = {isa = PBXFileReference; lastKnownFileType = wrapper.framework; name = XCTest.framework; path = Library/Frameworks/XCTest.framework; sourceTree = DEVELOPER_DIR; };
		6003F5B7195388D20070C39A /* Tests-Info.plist */ = {isa = PBXFileReference; lastKnownFileType = text.plist.xml; path = "Tests-Info.plist"; sourceTree = "<group>"; };
		6003F5B9195388D20070C39A /* en */ = {isa = PBXFileReference; lastKnownFileType = text.plist.strings; name = en; path = en.lproj/InfoPlist.strings; sourceTree = "<group>"; };
		606FC2411953D9B200FFA9A0 /* Tests-Prefix.pch */ = {isa = PBXFileReference; lastKnownFileType = sourcecode.c.h; path = "Tests-Prefix.pch"; sourceTree = "<group>"; };
		AE03D1A7383263FE15E428AD /* Configuration.plist */ = {isa = PBXFileReference; fileEncoding = 4; lastKnownFileType = text.plist; path = Configuration.plist; sourceTree = "<group>"; };
		AE03D52CB4BB13E09EC2832B /* ExampleConfigurationViewController.m */ = {isa = PBXFileReference; fileEncoding = 4; lastKnownFileType = sourcecode.c.objc; path = ExampleConfigurationViewController.m; sourceTree = "<group>"; };
		AE03D772B5E204F800C27F56 /* ExampleDynamicPropertyProvider.h */ = {isa = PBXFileReference; fileEncoding = 4; lastKnownFileType = sourcecode.c.h; path = ExampleDynamicPropertyProvider.h; sourceTree = "<group>"; };
		AE03D78BA75FC8DD9BE004BE /* ExampleDynamicPropertyProvider.m */ = {isa = PBXFileReference; fileEncoding = 4; lastKnownFileType = sourcecode.c.objc; path = ExampleDynamicPropertyProvider.m; sourceTree = "<group>"; };
		AE03D9A9FD51EEFECDCFD367 /* ExampleConfigurationViewController.h */ = {isa = PBXFileReference; fileEncoding = 4; lastKnownFileType = sourcecode.c.h; path = ExampleConfigurationViewController.h; sourceTree = "<group>"; };
		AE03DC53530E181FD71CEE93 /* DefaultConfiguration.plist */ = {isa = PBXFileReference; fileEncoding = 4; lastKnownFileType = text.plist; path = DefaultConfiguration.plist; sourceTree = "<group>"; };
		B0D0FA173411C76F6B1EB97D /* Pods-DRYUtilities.release.xcconfig */ = {isa = PBXFileReference; includeInIndex = 1; lastKnownFileType = text.xcconfig; name = "Pods-DRYUtilities.release.xcconfig"; path = "Pods/Target Support Files/Pods-DRYUtilities/Pods-DRYUtilities.release.xcconfig"; sourceTree = "<group>"; };
		B4A8735989C3368DF6C69D42 /* DRYUtilities.podspec */ = {isa = PBXFileReference; includeInIndex = 1; lastKnownFileType = text; name = DRYUtilities.podspec; path = ../DRYUtilities.podspec; sourceTree = "<group>"; };
		C491B585278DD8C64C95C841 /* LICENSE */ = {isa = PBXFileReference; includeInIndex = 1; lastKnownFileType = text; name = LICENSE; path = ../LICENSE; sourceTree = "<group>"; };
		DB5C04727DEB240CC61B4F8C /* Pods-Tests.debug.xcconfig */ = {isa = PBXFileReference; includeInIndex = 1; lastKnownFileType = text.xcconfig; name = "Pods-Tests.debug.xcconfig"; path = "Pods/Target Support Files/Pods-Tests/Pods-Tests.debug.xcconfig"; sourceTree = "<group>"; };
		E56459F51B454B6B004DCF97 /* NSString+DRYUtilTest.m */ = {isa = PBXFileReference; fileEncoding = 4; lastKnownFileType = sourcecode.c.objc; path = "NSString+DRYUtilTest.m"; sourceTree = "<group>"; };
		E6243E93EB4140649D8A1857 /* README.md */ = {isa = PBXFileReference; includeInIndex = 1; lastKnownFileType = net.daringfireball.markdown; name = README.md; path = ../README.md; sourceTree = "<group>"; };
		EBD027C81C046F91005E46D5 /* ExampleTableViewController.h */ = {isa = PBXFileReference; fileEncoding = 4; lastKnownFileType = sourcecode.c.h; path = ExampleTableViewController.h; sourceTree = "<group>"; };
		EBD027C91C046F91005E46D5 /* ExampleTableViewController.m */ = {isa = PBXFileReference; fileEncoding = 4; lastKnownFileType = sourcecode.c.objc; path = ExampleTableViewController.m; sourceTree = "<group>"; };
		EBD027D41C05C74B005E46D5 /* ExampleDRYNSStringTemplateReplacementViewController.m */ = {isa = PBXFileReference; fileEncoding = 4; lastKnownFileType = sourcecode.c.objc; path = ExampleDRYNSStringTemplateReplacementViewController.m; sourceTree = "<group>"; };
		FA13A83D0CA0B6AA5464FC3E /* libPods-DRYUtilities.a */ = {isa = PBXFileReference; explicitFileType = archive.ar; includeInIndex = 0; path = "libPods-DRYUtilities.a"; sourceTree = BUILT_PRODUCTS_DIR; };
/* End PBXFileReference section */

/* Begin PBXFrameworksBuildPhase section */
		6003F587195388D20070C39A /* Frameworks */ = {
			isa = PBXFrameworksBuildPhase;
			buildActionMask = 2147483647;
			files = (
				6003F590195388D20070C39A /* CoreGraphics.framework in Frameworks */,
				6003F592195388D20070C39A /* UIKit.framework in Frameworks */,
				6003F58E195388D20070C39A /* Foundation.framework in Frameworks */,
				15A3459867BB6DAE4C32480B /* libPods-DRYUtilities.a in Frameworks */,
			);
			runOnlyForDeploymentPostprocessing = 0;
		};
		6003F5AB195388D20070C39A /* Frameworks */ = {
			isa = PBXFrameworksBuildPhase;
			buildActionMask = 2147483647;
			files = (
				6003F5B0195388D20070C39A /* XCTest.framework in Frameworks */,
				6003F5B2195388D20070C39A /* UIKit.framework in Frameworks */,
				6003F5B1195388D20070C39A /* Foundation.framework in Frameworks */,
				734394968D041F17C4ABAFB3 /* libPods-Tests.a in Frameworks */,
			);
			runOnlyForDeploymentPostprocessing = 0;
		};
/* End PBXFrameworksBuildPhase section */

/* Begin PBXGroup section */
		275003251B39811000CFAF6A /* Security */ = {
			isa = PBXGroup;
			children = (
				275003261B39814400CFAF6A /* DRYSecurityStoreWrapperTest.m */,
			);
			path = Security;
			sourceTree = "<group>";
		};
		27F242851A8A4BD60079F8EC /* Configuration */ = {
			isa = PBXGroup;
			children = (
				27F242861A8A4C0B0079F8EC /* DRYBaseDynamicPropertyProviderTest.m */,
				27F2428B1A8A51F70079F8EC /* DRYPlistResourceReaderTest.m */,
				27F2429C1A8A5B030079F8EC /* TestResource.plist */,
				27F2429E1A8A5B350079F8EC /* FallbackTestResource.plist */,
			);
			path = Configuration;
			sourceTree = "<group>";
		};
		27FBF50F1ACA8E9C00CACF79 /* NSNull */ = {
			isa = PBXGroup;
			children = (
				27FBF5101ACA8ED500CACF79 /* NSNull+DRYNSNullSupportTest.m */,
			);
			path = NSNull;
			sourceTree = "<group>";
		};
		3323F377C52CA7B4CDAF3B79 /* NSString */ = {
			isa = PBXGroup;
			children = (
				3323F45878C77633CDF1A87B /* NSString+DRYTemplateReplacementTest.m */,
				275003141B39645800CFAF6A /* NSString+DRYHexTest.m */,
				E56459F51B454B6B004DCF97 /* NSString+DRYUtilTest.m */,
			);
			path = NSString;
			sourceTree = "<group>";
		};
		3323F5681AC6914763671331 /* Foundation */ = {
			isa = PBXGroup;
			children = (
				27FBF50F1ACA8E9C00CACF79 /* NSNull */,
				3323F377C52CA7B4CDAF3B79 /* NSString */,
				3323FE6E7E34F3A49DC48BBD /* NSObject */,
			);
			path = Foundation;
			sourceTree = "<group>";
		};
		3323FE6E7E34F3A49DC48BBD /* NSObject */ = {
			isa = PBXGroup;
			children = (
				3323F004CE5F1FD711453EE1 /* NSObject+DRYNSNullSupportTest.m */,
			);
			path = NSObject;
			sourceTree = "<group>";
		};
		6003F581195388D10070C39A = {
			isa = PBXGroup;
			children = (
				60FF7A9C1954A5C5007DD14C /* Podspec Metadata */,
				6003F593195388D20070C39A /* DRYUtilities */,
				6003F5B5195388D20070C39A /* Tests */,
				6003F58C195388D20070C39A /* Frameworks */,
				6003F58B195388D20070C39A /* Products */,
				AADDD20785D4C1B50A14830A /* Pods */,
			);
			sourceTree = "<group>";
		};
		6003F58B195388D20070C39A /* Products */ = {
			isa = PBXGroup;
			children = (
				6003F58A195388D20070C39A /* DRYUtilities.app */,
				6003F5AE195388D20070C39A /* Tests.xctest */,
			);
			name = Products;
			sourceTree = "<group>";
		};
		6003F58C195388D20070C39A /* Frameworks */ = {
			isa = PBXGroup;
			children = (
				6003F58D195388D20070C39A /* Foundation.framework */,
				6003F58F195388D20070C39A /* CoreGraphics.framework */,
				6003F591195388D20070C39A /* UIKit.framework */,
				6003F5AF195388D20070C39A /* XCTest.framework */,
				FA13A83D0CA0B6AA5464FC3E /* libPods-DRYUtilities.a */,
				4658F80F41F57A5BA5CABF62 /* libPods-Tests.a */,
			);
			name = Frameworks;
			sourceTree = "<group>";
		};
		6003F593195388D20070C39A /* DRYUtilities */ = {
			isa = PBXGroup;
			children = (
				6003F59C195388D20070C39A /* DRYAppDelegate.h */,
				6003F59D195388D20070C39A /* DRYAppDelegate.m */,
				6003F59F195388D20070C39A /* Main.storyboard */,
				6003F5A5195388D20070C39A /* DRYViewController.h */,
				6003F5A6195388D20070C39A /* DRYViewController.m */,
				6003F5A8195388D20070C39A /* Images.xcassets */,
				6003F594195388D20070C39A /* Supporting Files */,
				27F242A61A8B51E90079F8EC /* SimpleView.xib */,
				27F242A81A8B5F110079F8EC /* SimpleViewWithOwner.xib */,
				EBD027C81C046F91005E46D5 /* ExampleTableViewController.h */,
				EBD027C91C046F91005E46D5 /* ExampleTableViewController.m */,
				AE03DAB5614C38CA792A8A78 /* Configuration */,
			);
			path = DRYUtilities;
			sourceTree = "<group>";
		};
		6003F594195388D20070C39A /* Supporting Files */ = {
			isa = PBXGroup;
			children = (
				6003F595195388D20070C39A /* DRYUtilities-Info.plist */,
				6003F596195388D20070C39A /* InfoPlist.strings */,
				6003F599195388D20070C39A /* main.m */,
				6003F59B195388D20070C39A /* DRYUtilities-Prefix.pch */,
				AE03D1A7383263FE15E428AD /* Configuration.plist */,
				AE03DC53530E181FD71CEE93 /* DefaultConfiguration.plist */,
			);
			name = "Supporting Files";
			sourceTree = "<group>";
		};
		6003F5B5195388D20070C39A /* Tests */ = {
			isa = PBXGroup;
			children = (
				275003251B39811000CFAF6A /* Security */,
				27F242851A8A4BD60079F8EC /* Configuration */,
				6003F5B6195388D20070C39A /* Supporting Files */,
				27F2428D1A8A52290079F8EC /* DRYUtilitiesTests.h */,
				3323F5681AC6914763671331 /* Foundation */,
			);
			path = Tests;
			sourceTree = "<group>";
		};
		6003F5B6195388D20070C39A /* Supporting Files */ = {
			isa = PBXGroup;
			children = (
				6003F5B7195388D20070C39A /* Tests-Info.plist */,
				6003F5B8195388D20070C39A /* InfoPlist.strings */,
				606FC2411953D9B200FFA9A0 /* Tests-Prefix.pch */,
			);
			name = "Supporting Files";
			sourceTree = "<group>";
		};
		60FF7A9C1954A5C5007DD14C /* Podspec Metadata */ = {
			isa = PBXGroup;
			children = (
				B4A8735989C3368DF6C69D42 /* DRYUtilities.podspec */,
				E6243E93EB4140649D8A1857 /* README.md */,
				C491B585278DD8C64C95C841 /* LICENSE */,
			);
			name = "Podspec Metadata";
			sourceTree = "<group>";
		};
		AADDD20785D4C1B50A14830A /* Pods */ = {
			isa = PBXGroup;
			children = (
				3F969BD88210D15A86B4647A /* Pods-DRYUtilities.debug.xcconfig */,
				B0D0FA173411C76F6B1EB97D /* Pods-DRYUtilities.release.xcconfig */,
				DB5C04727DEB240CC61B4F8C /* Pods-Tests.debug.xcconfig */,
				51D8EC1C7AFFDC44AAAE68FC /* Pods-Tests.release.xcconfig */,
			);
			name = Pods;
			sourceTree = "<group>";
		};
		AE03DAB5614C38CA792A8A78 /* Configuration */ = {
			isa = PBXGroup;
			children = (
				AE03D52CB4BB13E09EC2832B /* ExampleConfigurationViewController.m */,
				AE03D9A9FD51EEFECDCFD367 /* ExampleConfigurationViewController.h */,
				AE03D78BA75FC8DD9BE004BE /* ExampleDynamicPropertyProvider.m */,
				AE03D772B5E204F800C27F56 /* ExampleDynamicPropertyProvider.h */,
			);
			path = Configuration;
			sourceTree = "<group>";
		};
/* End PBXGroup section */

/* Begin PBXNativeTarget section */
		6003F589195388D20070C39A /* DRYUtilities */ = {
			isa = PBXNativeTarget;
			buildConfigurationList = 6003F5BF195388D20070C39A /* Build configuration list for PBXNativeTarget "DRYUtilities" */;
			buildPhases = (
				89A0DD42064DCCA57BE82445 /* Check Pods Manifest.lock */,
				6003F586195388D20070C39A /* Sources */,
				6003F587195388D20070C39A /* Frameworks */,
				6003F588195388D20070C39A /* Resources */,
				0349EDC9CEE99B7E927A9F57 /* Copy Pods Resources */,
				CBFE3F3D896CE2C015247A15 /* Embed Pods Frameworks */,
			);
			buildRules = (
			);
			dependencies = (
			);
			name = DRYUtilities;
			productName = DRYUtilities;
			productReference = 6003F58A195388D20070C39A /* DRYUtilities.app */;
			productType = "com.apple.product-type.application";
		};
		6003F5AD195388D20070C39A /* Tests */ = {
			isa = PBXNativeTarget;
			buildConfigurationList = 6003F5C2195388D20070C39A /* Build configuration list for PBXNativeTarget "Tests" */;
			buildPhases = (
				7DE286A5D50DC0BE73D0E1D3 /* Check Pods Manifest.lock */,
				6003F5AA195388D20070C39A /* Sources */,
				6003F5AB195388D20070C39A /* Frameworks */,
				6003F5AC195388D20070C39A /* Resources */,
				A12DD3B2AFB3094298D26152 /* Copy Pods Resources */,
				E0483828F4A1A56E14C75A16 /* Embed Pods Frameworks */,
			);
			buildRules = (
			);
			dependencies = (
				6003F5B4195388D20070C39A /* PBXTargetDependency */,
			);
			name = Tests;
			productName = DRYUtilitiesTests;
			productReference = 6003F5AE195388D20070C39A /* Tests.xctest */;
			productType = "com.apple.product-type.bundle.unit-test";
		};
/* End PBXNativeTarget section */

/* Begin PBXProject section */
		6003F582195388D10070C39A /* Project object */ = {
			isa = PBXProject;
			attributes = {
				CLASSPREFIX = DRY;
				LastUpgradeCheck = 0700;
				ORGANIZATIONNAME = "Michael Seghers";
				TargetAttributes = {
					6003F589195388D20070C39A = {
						DevelopmentTeam = 25D2G7D8KE;
					};
					6003F5AD195388D20070C39A = {
						TestTargetID = 6003F589195388D20070C39A;
					};
				};
			};
			buildConfigurationList = 6003F585195388D10070C39A /* Build configuration list for PBXProject "DRYUtilities" */;
			developmentRegion = English;
			hasScannedForEncodings = 0;
			knownRegions = (
				en,
				Base,
			);
			mainGroup = 6003F581195388D10070C39A;
			productRefGroup = 6003F58B195388D20070C39A /* Products */;
			projectDirPath = "";
			projectRoot = "";
			targets = (
				6003F589195388D20070C39A /* DRYUtilities */,
				6003F5AD195388D20070C39A /* Tests */,
			);
		};
/* End PBXProject section */

/* Begin PBXResourcesBuildPhase section */
		6003F588195388D20070C39A /* Resources */ = {
			isa = PBXResourcesBuildPhase;
			buildActionMask = 2147483647;
			files = (
				27F242A91A8B5F110079F8EC /* SimpleViewWithOwner.xib in Resources */,
				6003F5A9195388D20070C39A /* Images.xcassets in Resources */,
				6003F5A1195388D20070C39A /* Main.storyboard in Resources */,
				27F242A71A8B51E90079F8EC /* SimpleView.xib in Resources */,
				6003F598195388D20070C39A /* InfoPlist.strings in Resources */,
				AE03D7903CDAF32AA5F83B07 /* Configuration.plist in Resources */,
				AE03DD18A50D2F4BD623631A /* DefaultConfiguration.plist in Resources */,
			);
			runOnlyForDeploymentPostprocessing = 0;
		};
		6003F5AC195388D20070C39A /* Resources */ = {
			isa = PBXResourcesBuildPhase;
			buildActionMask = 2147483647;
			files = (
				27F2429D1A8A5B030079F8EC /* TestResource.plist in Resources */,
				27F2429F1A8A5B350079F8EC /* FallbackTestResource.plist in Resources */,
				6003F5BA195388D20070C39A /* InfoPlist.strings in Resources */,
			);
			runOnlyForDeploymentPostprocessing = 0;
		};
/* End PBXResourcesBuildPhase section */

/* Begin PBXShellScriptBuildPhase section */
		0349EDC9CEE99B7E927A9F57 /* Copy Pods Resources */ = {
			isa = PBXShellScriptBuildPhase;
			buildActionMask = 2147483647;
			files = (
			);
			inputPaths = (
			);
			name = "Copy Pods Resources";
			outputPaths = (
			);
			runOnlyForDeploymentPostprocessing = 0;
			shellPath = /bin/sh;
			shellScript = "\"${SRCROOT}/Pods/Target Support Files/Pods-DRYUtilities/Pods-DRYUtilities-resources.sh\"\n";
			showEnvVarsInLog = 0;
		};
		7DE286A5D50DC0BE73D0E1D3 /* Check Pods Manifest.lock */ = {
			isa = PBXShellScriptBuildPhase;
			buildActionMask = 2147483647;
			files = (
			);
			inputPaths = (
			);
			name = "Check Pods Manifest.lock";
			outputPaths = (
			);
			runOnlyForDeploymentPostprocessing = 0;
			shellPath = /bin/sh;
			shellScript = "diff \"${PODS_ROOT}/../Podfile.lock\" \"${PODS_ROOT}/Manifest.lock\" > /dev/null\nif [[ $? != 0 ]] ; then\n    cat << EOM\nerror: The sandbox is not in sync with the Podfile.lock. Run 'pod install' or update your CocoaPods installation.\nEOM\n    exit 1\nfi\n";
			showEnvVarsInLog = 0;
		};
		89A0DD42064DCCA57BE82445 /* Check Pods Manifest.lock */ = {
			isa = PBXShellScriptBuildPhase;
			buildActionMask = 2147483647;
			files = (
			);
			inputPaths = (
			);
			name = "Check Pods Manifest.lock";
			outputPaths = (
			);
			runOnlyForDeploymentPostprocessing = 0;
			shellPath = /bin/sh;
			shellScript = "diff \"${PODS_ROOT}/../Podfile.lock\" \"${PODS_ROOT}/Manifest.lock\" > /dev/null\nif [[ $? != 0 ]] ; then\n    cat << EOM\nerror: The sandbox is not in sync with the Podfile.lock. Run 'pod install' or update your CocoaPods installation.\nEOM\n    exit 1\nfi\n";
			showEnvVarsInLog = 0;
		};
		A12DD3B2AFB3094298D26152 /* Copy Pods Resources */ = {
			isa = PBXShellScriptBuildPhase;
			buildActionMask = 2147483647;
			files = (
			);
			inputPaths = (
			);
			name = "Copy Pods Resources";
			outputPaths = (
			);
			runOnlyForDeploymentPostprocessing = 0;
			shellPath = /bin/sh;
			shellScript = "\"${SRCROOT}/Pods/Target Support Files/Pods-Tests/Pods-Tests-resources.sh\"\n";
			showEnvVarsInLog = 0;
		};
		CBFE3F3D896CE2C015247A15 /* Embed Pods Frameworks */ = {
			isa = PBXShellScriptBuildPhase;
			buildActionMask = 2147483647;
			files = (
			);
			inputPaths = (
			);
			name = "Embed Pods Frameworks";
			outputPaths = (
			);
			runOnlyForDeploymentPostprocessing = 0;
			shellPath = /bin/sh;
			shellScript = "\"${SRCROOT}/Pods/Target Support Files/Pods-DRYUtilities/Pods-DRYUtilities-frameworks.sh\"\n";
			showEnvVarsInLog = 0;
		};
		E0483828F4A1A56E14C75A16 /* Embed Pods Frameworks */ = {
			isa = PBXShellScriptBuildPhase;
			buildActionMask = 2147483647;
			files = (
			);
			inputPaths = (
			);
			name = "Embed Pods Frameworks";
			outputPaths = (
			);
			runOnlyForDeploymentPostprocessing = 0;
			shellPath = /bin/sh;
			shellScript = "\"${SRCROOT}/Pods/Target Support Files/Pods-Tests/Pods-Tests-frameworks.sh\"\n";
			showEnvVarsInLog = 0;
		};
/* End PBXShellScriptBuildPhase section */

/* Begin PBXSourcesBuildPhase section */
		6003F586195388D20070C39A /* Sources */ = {
			isa = PBXSourcesBuildPhase;
			buildActionMask = 2147483647;
			files = (
				6003F59E195388D20070C39A /* DRYAppDelegate.m in Sources */,
				6003F5A7195388D20070C39A /* DRYViewController.m in Sources */,
				EBD027CA1C046F91005E46D5 /* ExampleTableViewController.m in Sources */,
				6003F59A195388D20070C39A /* main.m in Sources */,
				AE03D16E8FB0ADDEE230F4A5 /* ExampleConfigurationViewController.m in Sources */,
				AE03D157CCD1E8A0733EA34F /* ExampleDynamicPropertyProvider.m in Sources */,
			);
			runOnlyForDeploymentPostprocessing = 0;
		};
		6003F5AA195388D20070C39A /* Sources */ = {
			isa = PBXSourcesBuildPhase;
			buildActionMask = 2147483647;
			files = (
				27F242871A8A4C0B0079F8EC /* DRYBaseDynamicPropertyProviderTest.m in Sources */,
				E56459F61B454B6B004DCF97 /* NSString+DRYUtilTest.m in Sources */,
				27F2428C1A8A51F70079F8EC /* DRYPlistResourceReaderTest.m in Sources */,
				3323FA8487593501D5A68573 /* NSString+DRYTemplateReplacementTest.m in Sources */,
				275003271B39814400CFAF6A /* DRYSecurityStoreWrapperTest.m in Sources */,
				275003151B39645800CFAF6A /* NSString+DRYHexTest.m in Sources */,
				27FBF5111ACA8ED500CACF79 /* NSNull+DRYNSNullSupportTest.m in Sources */,
				3323FFA067BA3617BD7122AD /* NSObject+DRYNSNullSupportTest.m in Sources */,
			);
			runOnlyForDeploymentPostprocessing = 0;
		};
/* End PBXSourcesBuildPhase section */

/* Begin PBXTargetDependency section */
		6003F5B4195388D20070C39A /* PBXTargetDependency */ = {
			isa = PBXTargetDependency;
			target = 6003F589195388D20070C39A /* DRYUtilities */;
			targetProxy = 6003F5B3195388D20070C39A /* PBXContainerItemProxy */;
		};
/* End PBXTargetDependency section */

/* Begin PBXVariantGroup section */
		6003F596195388D20070C39A /* InfoPlist.strings */ = {
			isa = PBXVariantGroup;
			children = (
				6003F597195388D20070C39A /* en */,
			);
			name = InfoPlist.strings;
			sourceTree = "<group>";
		};
		6003F59F195388D20070C39A /* Main.storyboard */ = {
			isa = PBXVariantGroup;
			children = (
				6003F5A0195388D20070C39A /* Base */,
			);
			name = Main.storyboard;
			sourceTree = "<group>";
		};
		6003F5B8195388D20070C39A /* InfoPlist.strings */ = {
			isa = PBXVariantGroup;
			children = (
				6003F5B9195388D20070C39A /* en */,
			);
			name = InfoPlist.strings;
			sourceTree = "<group>";
		};
/* End PBXVariantGroup section */

/* Begin XCBuildConfiguration section */
		6003F5BD195388D20070C39A /* Debug */ = {
			isa = XCBuildConfiguration;
			buildSettings = {
				ALWAYS_SEARCH_USER_PATHS = NO;
				CLANG_CXX_LANGUAGE_STANDARD = "gnu++0x";
				CLANG_CXX_LIBRARY = "libc++";
				CLANG_ENABLE_MODULES = YES;
				CLANG_ENABLE_OBJC_ARC = YES;
				CLANG_WARN_BOOL_CONVERSION = YES;
				CLANG_WARN_CONSTANT_CONVERSION = YES;
				CLANG_WARN_DIRECT_OBJC_ISA_USAGE = YES_ERROR;
				CLANG_WARN_EMPTY_BODY = YES;
				CLANG_WARN_ENUM_CONVERSION = YES;
				CLANG_WARN_INT_CONVERSION = YES;
				CLANG_WARN_OBJC_ROOT_CLASS = YES_ERROR;
				CLANG_WARN__DUPLICATE_METHOD_MATCH = YES;
				"CODE_SIGN_IDENTITY[sdk=iphoneos*]" = "iPhone Developer";
				COPY_PHASE_STRIP = NO;
				ENABLE_TESTABILITY = YES;
				GCC_C_LANGUAGE_STANDARD = gnu99;
				GCC_DYNAMIC_NO_PIC = NO;
				GCC_OPTIMIZATION_LEVEL = 0;
				GCC_PREPROCESSOR_DEFINITIONS = (
					"DEBUG=1",
					"$(inherited)",
				);
				GCC_SYMBOLS_PRIVATE_EXTERN = NO;
				GCC_WARN_64_TO_32_BIT_CONVERSION = YES;
				GCC_WARN_ABOUT_RETURN_TYPE = YES_ERROR;
				GCC_WARN_UNDECLARED_SELECTOR = YES;
				GCC_WARN_UNINITIALIZED_AUTOS = YES_AGGRESSIVE;
				GCC_WARN_UNUSED_FUNCTION = YES;
				GCC_WARN_UNUSED_VARIABLE = YES;
				IPHONEOS_DEPLOYMENT_TARGET = 7.1;
				ONLY_ACTIVE_ARCH = YES;
				SDKROOT = iphoneos;
				TARGETED_DEVICE_FAMILY = "1,2";
			};
			name = Debug;
		};
		6003F5BE195388D20070C39A /* Release */ = {
			isa = XCBuildConfiguration;
			buildSettings = {
				ALWAYS_SEARCH_USER_PATHS = NO;
				CLANG_CXX_LANGUAGE_STANDARD = "gnu++0x";
				CLANG_CXX_LIBRARY = "libc++";
				CLANG_ENABLE_MODULES = YES;
				CLANG_ENABLE_OBJC_ARC = YES;
				CLANG_WARN_BOOL_CONVERSION = YES;
				CLANG_WARN_CONSTANT_CONVERSION = YES;
				CLANG_WARN_DIRECT_OBJC_ISA_USAGE = YES_ERROR;
				CLANG_WARN_EMPTY_BODY = YES;
				CLANG_WARN_ENUM_CONVERSION = YES;
				CLANG_WARN_INT_CONVERSION = YES;
				CLANG_WARN_OBJC_ROOT_CLASS = YES_ERROR;
				CLANG_WARN__DUPLICATE_METHOD_MATCH = YES;
				"CODE_SIGN_IDENTITY[sdk=iphoneos*]" = "iPhone Developer";
				COPY_PHASE_STRIP = YES;
				ENABLE_NS_ASSERTIONS = NO;
				GCC_C_LANGUAGE_STANDARD = gnu99;
				GCC_WARN_64_TO_32_BIT_CONVERSION = YES;
				GCC_WARN_ABOUT_RETURN_TYPE = YES_ERROR;
				GCC_WARN_UNDECLARED_SELECTOR = YES;
				GCC_WARN_UNINITIALIZED_AUTOS = YES_AGGRESSIVE;
				GCC_WARN_UNUSED_FUNCTION = YES;
				GCC_WARN_UNUSED_VARIABLE = YES;
				IPHONEOS_DEPLOYMENT_TARGET = 7.1;
				SDKROOT = iphoneos;
				TARGETED_DEVICE_FAMILY = "1,2";
				VALIDATE_PRODUCT = YES;
			};
			name = Release;
		};
		6003F5C0195388D20070C39A /* Debug */ = {
			isa = XCBuildConfiguration;
			baseConfigurationReference = 3F969BD88210D15A86B4647A /* Pods-DRYUtilities.debug.xcconfig */;
			buildSettings = {
				ASSETCATALOG_COMPILER_APPICON_NAME = AppIcon;
				ASSETCATALOG_COMPILER_LAUNCHIMAGE_NAME = LaunchImage;
				CODE_SIGN_IDENTITY = "iPhone Developer";
				GCC_PRECOMPILE_PREFIX_HEADER = YES;
				GCC_PREFIX_HEADER = "DRYUtilities/DRYUtilities-Prefix.pch";
				INFOPLIST_FILE = "DRYUtilities/DRYUtilities-Info.plist";
				PRODUCT_BUNDLE_IDENTIFIER = "be.appfoundry.demo.${PRODUCT_NAME:rfc1034identifier}";
				PRODUCT_NAME = "$(TARGET_NAME)";
				WRAPPER_EXTENSION = app;
			};
			name = Debug;
		};
		6003F5C1195388D20070C39A /* Release */ = {
			isa = XCBuildConfiguration;
			baseConfigurationReference = B0D0FA173411C76F6B1EB97D /* Pods-DRYUtilities.release.xcconfig */;
			buildSettings = {
				ASSETCATALOG_COMPILER_APPICON_NAME = AppIcon;
				ASSETCATALOG_COMPILER_LAUNCHIMAGE_NAME = LaunchImage;
				CODE_SIGN_IDENTITY = "iPhone Developer";
				GCC_PRECOMPILE_PREFIX_HEADER = YES;
				GCC_PREFIX_HEADER = "DRYUtilities/DRYUtilities-Prefix.pch";
				INFOPLIST_FILE = "DRYUtilities/DRYUtilities-Info.plist";
				PRODUCT_BUNDLE_IDENTIFIER = "be.appfoundry.demo.${PRODUCT_NAME:rfc1034identifier}";
				PRODUCT_NAME = "$(TARGET_NAME)";
				WRAPPER_EXTENSION = app;
			};
			name = Release;
		};
		6003F5C3195388D20070C39A /* Debug */ = {
			isa = XCBuildConfiguration;
			baseConfigurationReference = DB5C04727DEB240CC61B4F8C /* Pods-Tests.debug.xcconfig */;
			buildSettings = {
				BUNDLE_LOADER = "$(BUILT_PRODUCTS_DIR)/DRYUtilities.app/DRYUtilities";
				FRAMEWORK_SEARCH_PATHS = (
					"$(inherited)",
					"$(DEVELOPER_FRAMEWORKS_DIR)",
				);
				GCC_PRECOMPILE_PREFIX_HEADER = YES;
				GCC_PREFIX_HEADER = "Tests/Tests-Prefix.pch";
				GCC_PREPROCESSOR_DEFINITIONS = (
					"DEBUG=1",
					"$(inherited)",
				);
				INFOPLIST_FILE = "Tests/Tests-Info.plist";
				PRODUCT_BUNDLE_IDENTIFIER = "org.cocoapods.demo.${PRODUCT_NAME:rfc1034identifier}";
				PRODUCT_NAME = "$(TARGET_NAME)";
				TEST_HOST = "$(BUNDLE_LOADER)";
				WRAPPER_EXTENSION = xctest;
			};
			name = Debug;
		};
		6003F5C4195388D20070C39A /* Release */ = {
			isa = XCBuildConfiguration;
			baseConfigurationReference = 51D8EC1C7AFFDC44AAAE68FC /* Pods-Tests.release.xcconfig */;
			buildSettings = {
				BUNDLE_LOADER = "$(BUILT_PRODUCTS_DIR)/DRYUtilities.app/DRYUtilities";
				FRAMEWORK_SEARCH_PATHS = (
					"$(inherited)",
					"$(DEVELOPER_FRAMEWORKS_DIR)",
				);
				GCC_PRECOMPILE_PREFIX_HEADER = YES;
				GCC_PREFIX_HEADER = "Tests/Tests-Prefix.pch";
				INFOPLIST_FILE = "Tests/Tests-Info.plist";
				PRODUCT_BUNDLE_IDENTIFIER = "org.cocoapods.demo.${PRODUCT_NAME:rfc1034identifier}";
				PRODUCT_NAME = "$(TARGET_NAME)";
				TEST_HOST = "$(BUNDLE_LOADER)";
				WRAPPER_EXTENSION = xctest;
			};
			name = Release;
		};
/* End XCBuildConfiguration section */

/* Begin XCConfigurationList section */
		6003F585195388D10070C39A /* Build configuration list for PBXProject "DRYUtilities" */ = {
			isa = XCConfigurationList;
			buildConfigurations = (
				6003F5BD195388D20070C39A /* Debug */,
				6003F5BE195388D20070C39A /* Release */,
			);
			defaultConfigurationIsVisible = 0;
			defaultConfigurationName = Release;
		};
		6003F5BF195388D20070C39A /* Build configuration list for PBXNativeTarget "DRYUtilities" */ = {
			isa = XCConfigurationList;
			buildConfigurations = (
				6003F5C0195388D20070C39A /* Debug */,
				6003F5C1195388D20070C39A /* Release */,
			);
			defaultConfigurationIsVisible = 0;
			defaultConfigurationName = Release;
		};
		6003F5C2195388D20070C39A /* Build configuration list for PBXNativeTarget "Tests" */ = {
			isa = XCConfigurationList;
			buildConfigurations = (
				6003F5C3195388D20070C39A /* Debug */,
				6003F5C4195388D20070C39A /* Release */,
			);
			defaultConfigurationIsVisible = 0;
			defaultConfigurationName = Release;
		};
/* End XCConfigurationList section */
	};
	rootObject = 6003F582195388D10070C39A /* Project object */;
}
